
Microsoft Visual Studio Solution File, Format Version 12.00
# Visual Studio Version 17
VisualStudioVersion = 17.4.33213.308
MinimumVisualStudioVersion = 10.0.40219.1
Project("{FAE04EC0-301F-11D3-BF4B-00C04F79EFBC}") = "GraderApp", "GraderApp.csproj", "{473554B7-EC49-46EF-8495-5A95EE0D5D51}"
EndProject
Global
	GlobalSection(SolutionConfigurationPlatforms) = preSolution
		Debug|Any CPU = Debug|Any CPU
		Release|Any CPU = Release|Any CPU
	EndGlobalSection
	GlobalSection(ProjectConfigurationPlatforms) = postSolution
		{473554B7-EC49-46EF-8495-5A95EE0D5D51}.Debug|Any CPU.ActiveCfg = Debug|Any CPU
		{473554B7-EC49-46EF-8495-5A95EE0D5D51}.Debug|Any CPU.Build.0 = Debug|Any CPU
		{473554B7-EC49-46EF-8495-5A95EE0D5D51}.Release|Any CPU.ActiveCfg = Release|Any CPU
		{473554B7-EC49-46EF-8495-5A95EE0D5D51}.Release|Any CPU.Build.0 = Release|Any CPU
	EndGlobalSection
	GlobalSection(SolutionProperties) = preSolution
		HideSolutionNode = FALSE
	EndGlobalSection
	GlobalSection(ExtensibilityGlobals) = postSolution
		SolutionGuid = {33DC2CC1-5981-4DF7-88E7-AD965B987116}
	EndGlobalSection
EndGlobal
